
Microsoft Visual Studio Solution File, Format Version 12.00
# Visual Studio Version 16
VisualStudioVersion = 16.0.31424.327
MinimumVisualStudioVersion = 10.0.40219.1
Project("{9A19103F-16F7-4668-BE54-9A1E7A4F7556}") = "API", "API.csproj", "{1A7EC323-F2DA-4606-A8C4-B738895651B2}"
EndProject
Global
	GlobalSection(SolutionConfigurationPlatforms) = preSolution
		Debug|Any CPU = Debug|Any CPU
		Release|Any CPU = Release|Any CPU
	EndGlobalSection
	GlobalSection(ProjectConfigurationPlatforms) = postSolution
		{1A7EC323-F2DA-4606-A8C4-B738895651B2}.Debug|Any CPU.ActiveCfg = Debug|Any CPU
		{1A7EC323-F2DA-4606-A8C4-B738895651B2}.Debug|Any CPU.Build.0 = Debug|Any CPU
		{1A7EC323-F2DA-4606-A8C4-B738895651B2}.Release|Any CPU.ActiveCfg = Release|Any CPU
		{1A7EC323-F2DA-4606-A8C4-B738895651B2}.Release|Any CPU.Build.0 = Release|Any CPU
	EndGlobalSection
	GlobalSection(SolutionProperties) = preSolution
		HideSolutionNode = FALSE
	EndGlobalSection
	GlobalSection(ExtensibilityGlobals) = postSolution
		SolutionGuid = {4D0FE353-2F74-44F2-AB3C-7A49A4426270}
	EndGlobalSection
EndGlobal
